
Microsoft Visual Studio Solution File, Format Version 12.00
# Visual Studio 14
VisualStudioVersion = 14.0.25420.1
MinimumVisualStudioVersion = 10.0.40219.1
Project("{FAE04EC0-301F-11D3-BF4B-00C04F79EFBC}") = "DevDaysForms.Droid", "DevDaysForms\DevDaysForms.Droid\DevDaysForms.Droid.csproj", "{5CFA6C05-8E3B-403C-A0A6-328D082DF5B6}"
EndProject
Project("{FAE04EC0-301F-11D3-BF4B-00C04F79EFBC}") = "DevDaysForms.iOS", "DevDaysForms\DevDaysForms.iOS\DevDaysForms.iOS.csproj", "{F6D3D347-6202-4AC2-B4DF-268DC7DDCBC8}"
EndProject
Project("{FAE04EC0-301F-11D3-BF4B-00C04F79EFBC}") = "DevDaysForms.WinPhone", "DevDaysForms\DevDaysForms.WinPhone\DevDaysForms.WinPhone.csproj", "{9F8B0C23-7D57-4013-9A66-7C65AD5498E5}"
EndProject
Project("{FAE04EC0-301F-11D3-BF4B-00C04F79EFBC}") = "DevDaysForms.Windows", "DevDaysForms\DevDaysForms.Windows\DevDaysForms.Windows.csproj", "{550B30B1-3890-4E0F-A9E3-0117F5C4D129}"
EndProject
Project("{FAE04EC0-301F-11D3-BF4B-00C04F79EFBC}") = "DevDaysForms", "DevDaysForms\DevDaysForms\DevDaysForms.csproj", "{DA8F7C50-95EF-4332-9B72-FC1770C302AF}"
EndProject
Global
	GlobalSection(SolutionConfigurationPlatforms) = preSolution
		Ad-Hoc|Any CPU = Ad-Hoc|Any CPU
		Ad-Hoc|ARM = Ad-Hoc|ARM
		Ad-Hoc|iPhone = Ad-Hoc|iPhone
		Ad-Hoc|iPhoneSimulator = Ad-Hoc|iPhoneSimulator
		Ad-Hoc|x64 = Ad-Hoc|x64
		Ad-Hoc|x86 = Ad-Hoc|x86
		AppStore|Any CPU = AppStore|Any CPU
		AppStore|ARM = AppStore|ARM
		AppStore|iPhone = AppStore|iPhone
		AppStore|iPhoneSimulator = AppStore|iPhoneSimulator
		AppStore|x64 = AppStore|x64
		AppStore|x86 = AppStore|x86
		Debug|Any CPU = Debug|Any CPU
		Debug|ARM = Debug|ARM
		Debug|iPhone = Debug|iPhone
		Debug|iPhoneSimulator = Debug|iPhoneSimulator
		Debug|x64 = Debug|x64
		Debug|x86 = Debug|x86
		Release|Any CPU = Release|Any CPU
		Release|ARM = Release|ARM
		Release|iPhone = Release|iPhone
		Release|iPhoneSimulator = Release|iPhoneSimulator
		Release|x64 = Release|x64
		Release|x86 = Release|x86
	EndGlobalSection
	GlobalSection(ProjectConfigurationPlatforms) = postSolution
		{5CFA6C05-8E3B-403C-A0A6-328D082DF5B6}.Ad-Hoc|Any CPU.ActiveCfg = Release|Any CPU
		{5CFA6C05-8E3B-403C-A0A6-328D082DF5B6}.Ad-Hoc|Any CPU.Build.0 = Release|Any CPU
		{5CFA6C05-8E3B-403C-A0A6-328D082DF5B6}.Ad-Hoc|Any CPU.Deploy.0 = Release|Any CPU
		{5CFA6C05-8E3B-403C-A0A6-328D082DF5B6}.Ad-Hoc|ARM.ActiveCfg = Release|Any CPU
		{5CFA6C05-8E3B-403C-A0A6-328D082DF5B6}.Ad-Hoc|ARM.Build.0 = Release|Any CPU
		{5CFA6C05-8E3B-403C-A0A6-328D082DF5B6}.Ad-Hoc|ARM.Deploy.0 = Release|Any CPU
		{5CFA6C05-8E3B-403C-A0A6-328D082DF5B6}.Ad-Hoc|iPhone.ActiveCfg = Release|Any CPU
		{5CFA6C05-8E3B-403C-A0A6-328D082DF5B6}.Ad-Hoc|iPhone.Build.0 = Release|Any CPU
		{5CFA6C05-8E3B-403C-A0A6-328D082DF5B6}.Ad-Hoc|iPhone.Deploy.0 = Release|Any CPU
		{5CFA6C05-8E3B-403C-A0A6-328D082DF5B6}.Ad-Hoc|iPhoneSimulator.ActiveCfg = Release|Any CPU
		{5CFA6C05-8E3B-403C-A0A6-328D082DF5B6}.Ad-Hoc|iPhoneSimulator.Build.0 = Release|Any CPU
		{5CFA6C05-8E3B-403C-A0A6-328D082DF5B6}.Ad-Hoc|iPhoneSimulator.Deploy.0 = Release|Any CPU
		{5CFA6C05-8E3B-403C-A0A6-328D082DF5B6}.Ad-Hoc|x64.ActiveCfg = Release|Any CPU
		{5CFA6C05-8E3B-403C-A0A6-328D082DF5B6}.Ad-Hoc|x64.Build.0 = Release|Any CPU
		{5CFA6C05-8E3B-403C-A0A6-328D082DF5B6}.Ad-Hoc|x64.Deploy.0 = Release|Any CPU
		{5CFA6C05-8E3B-403C-A0A6-328D082DF5B6}.Ad-Hoc|x86.ActiveCfg = Release|Any CPU
		{5CFA6C05-8E3B-403C-A0A6-328D082DF5B6}.Ad-Hoc|x86.Build.0 = Release|Any CPU
		{5CFA6C05-8E3B-403C-A0A6-328D082DF5B6}.Ad-Hoc|x86.Deploy.0 = Release|Any CPU
		{5CFA6C05-8E3B-403C-A0A6-328D082DF5B6}.AppStore|Any CPU.ActiveCfg = Release|Any CPU
		{5CFA6C05-8E3B-403C-A0A6-328D082DF5B6}.AppStore|Any CPU.Build.0 = Release|Any CPU
		{5CFA6C05-8E3B-403C-A0A6-328D082DF5B6}.AppStore|Any CPU.Deploy.0 = Release|Any CPU
		{5CFA6C05-8E3B-403C-A0A6-328D082DF5B6}.AppStore|ARM.ActiveCfg = Release|Any CPU
		{5CFA6C05-8E3B-403C-A0A6-328D082DF5B6}.AppStore|ARM.Build.0 = Release|Any CPU
		{5CFA6C05-8E3B-403C-A0A6-328D082DF5B6}.AppStore|ARM.Deploy.0 = Release|Any CPU
		{5CFA6C05-8E3B-403C-A0A6-328D082DF5B6}.AppStore|iPhone.ActiveCfg = Release|Any CPU
		{5CFA6C05-8E3B-403C-A0A6-328D082DF5B6}.AppStore|iPhone.Build.0 = Release|Any CPU
		{5CFA6C05-8E3B-403C-A0A6-328D082DF5B6}.AppStore|iPhone.Deploy.0 = Release|Any CPU
		{5CFA6C05-8E3B-403C-A0A6-328D082DF5B6}.AppStore|iPhoneSimulator.ActiveCfg = Release|Any CPU
		{5CFA6C05-8E3B-403C-A0A6-328D082DF5B6}.AppStore|iPhoneSimulator.Build.0 = Release|Any CPU
		{5CFA6C05-8E3B-403C-A0A6-328D082DF5B6}.AppStore|iPhoneSimulator.Deploy.0 = Release|Any CPU
		{5CFA6C05-8E3B-403C-A0A6-328D082DF5B6}.AppStore|x64.ActiveCfg = Release|Any CPU
		{5CFA6C05-8E3B-403C-A0A6-328D082DF5B6}.AppStore|x64.Build.0 = Release|Any CPU
		{5CFA6C05-8E3B-403C-A0A6-328D082DF5B6}.AppStore|x64.Deploy.0 = Release|Any CPU
		{5CFA6C05-8E3B-403C-A0A6-328D082DF5B6}.AppStore|x86.ActiveCfg = Release|Any CPU
		{5CFA6C05-8E3B-403C-A0A6-328D082DF5B6}.AppStore|x86.Build.0 = Release|Any CPU
		{5CFA6C05-8E3B-403C-A0A6-328D082DF5B6}.AppStore|x86.Deploy.0 = Release|Any CPU
		{5CFA6C05-8E3B-403C-A0A6-328D082DF5B6}.Debug|Any CPU.ActiveCfg = Debug|Any CPU
		{5CFA6C05-8E3B-403C-A0A6-328D082DF5B6}.Debug|Any CPU.Build.0 = Debug|Any CPU
		{5CFA6C05-8E3B-403C-A0A6-328D082DF5B6}.Debug|Any CPU.Deploy.0 = Debug|Any CPU
		{5CFA6C05-8E3B-403C-A0A6-328D082DF5B6}.Debug|ARM.ActiveCfg = Debug|Any CPU
		{5CFA6C05-8E3B-403C-A0A6-328D082DF5B6}.Debug|ARM.Build.0 = Debug|Any CPU
		{5CFA6C05-8E3B-403C-A0A6-328D082DF5B6}.Debug|ARM.Deploy.0 = Debug|Any CPU
		{5CFA6C05-8E3B-403C-A0A6-328D082DF5B6}.Debug|iPhone.ActiveCfg = Debug|Any CPU
		{5CFA6C05-8E3B-403C-A0A6-328D082DF5B6}.Debug|iPhone.Build.0 = Debug|Any CPU
		{5CFA6C05-8E3B-403C-A0A6-328D082DF5B6}.Debug|iPhone.Deploy.0 = Debug|Any CPU
		{5CFA6C05-8E3B-403C-A0A6-328D082DF5B6}.Debug|iPhoneSimulator.ActiveCfg = Debug|Any CPU
		{5CFA6C05-8E3B-403C-A0A6-328D082DF5B6}.Debug|iPhoneSimulator.Build.0 = Debug|Any CPU
		{5CFA6C05-8E3B-403C-A0A6-328D082DF5B6}.Debug|iPhoneSimulator.Deploy.0 = Debug|Any CPU
		{5CFA6C05-8E3B-403C-A0A6-328D082DF5B6}.Debug|x64.ActiveCfg = Debug|Any CPU
		{5CFA6C05-8E3B-403C-A0A6-328D082DF5B6}.Debug|x64.Build.0 = Debug|Any CPU
		{5CFA6C05-8E3B-403C-A0A6-328D082DF5B6}.Debug|x64.Deploy.0 = Debug|Any CPU
		{5CFA6C05-8E3B-403C-A0A6-328D082DF5B6}.Debug|x86.ActiveCfg = Debug|Any CPU
		{5CFA6C05-8E3B-403C-A0A6-328D082DF5B6}.Debug|x86.Build.0 = Debug|Any CPU
		{5CFA6C05-8E3B-403C-A0A6-328D082DF5B6}.Debug|x86.Deploy.0 = Debug|Any CPU
		{5CFA6C05-8E3B-403C-A0A6-328D082DF5B6}.Release|Any CPU.ActiveCfg = Release|Any CPU
		{5CFA6C05-8E3B-403C-A0A6-328D082DF5B6}.Release|Any CPU.Build.0 = Release|Any CPU
		{5CFA6C05-8E3B-403C-A0A6-328D082DF5B6}.Release|Any CPU.Deploy.0 = Release|Any CPU
		{5CFA6C05-8E3B-403C-A0A6-328D082DF5B6}.Release|ARM.ActiveCfg = Release|Any CPU
		{5CFA6C05-8E3B-403C-A0A6-328D082DF5B6}.Release|ARM.Build.0 = Release|Any CPU
		{5CFA6C05-8E3B-403C-A0A6-328D082DF5B6}.Release|ARM.Deploy.0 = Release|Any CPU
		{5CFA6C05-8E3B-403C-A0A6-328D082DF5B6}.Release|iPhone.ActiveCfg = Release|Any CPU
		{5CFA6C05-8E3B-403C-A0A6-328D082DF5B6}.Release|iPhone.Build.0 = Release|Any CPU
		{5CFA6C05-8E3B-403C-A0A6-328D082DF5B6}.Release|iPhone.Deploy.0 = Release|Any CPU
		{5CFA6C05-8E3B-403C-A0A6-328D082DF5B6}.Release|iPhoneSimulator.ActiveCfg = Release|Any CPU
		{5CFA6C05-8E3B-403C-A0A6-328D082DF5B6}.Release|iPhoneSimulator.Build.0 = Release|Any CPU
		{5CFA6C05-8E3B-403C-A0A6-328D082DF5B6}.Release|iPhoneSimulator.Deploy.0 = Release|Any CPU
		{5CFA6C05-8E3B-403C-A0A6-328D082DF5B6}.Release|x64.ActiveCfg = Release|Any CPU
		{5CFA6C05-8E3B-403C-A0A6-328D082DF5B6}.Release|x64.Build.0 = Release|Any CPU
		{5CFA6C05-8E3B-403C-A0A6-328D082DF5B6}.Release|x64.Deploy.0 = Release|Any CPU
		{5CFA6C05-8E3B-403C-A0A6-328D082DF5B6}.Release|x86.ActiveCfg = Release|Any CPU
		{5CFA6C05-8E3B-403C-A0A6-328D082DF5B6}.Release|x86.Build.0 = Release|Any CPU
		{5CFA6C05-8E3B-403C-A0A6-328D082DF5B6}.Release|x86.Deploy.0 = Release|Any CPU
		{F6D3D347-6202-4AC2-B4DF-268DC7DDCBC8}.Ad-Hoc|Any CPU.ActiveCfg = Ad-Hoc|iPhone
		{F6D3D347-6202-4AC2-B4DF-268DC7DDCBC8}.Ad-Hoc|ARM.ActiveCfg = Ad-Hoc|iPhone
		{F6D3D347-6202-4AC2-B4DF-268DC7DDCBC8}.Ad-Hoc|iPhone.ActiveCfg = Ad-Hoc|iPhone
		{F6D3D347-6202-4AC2-B4DF-268DC7DDCBC8}.Ad-Hoc|iPhone.Build.0 = Ad-Hoc|iPhone
		{F6D3D347-6202-4AC2-B4DF-268DC7DDCBC8}.Ad-Hoc|iPhoneSimulator.ActiveCfg = Ad-Hoc|iPhoneSimulator
		{F6D3D347-6202-4AC2-B4DF-268DC7DDCBC8}.Ad-Hoc|iPhoneSimulator.Build.0 = Ad-Hoc|iPhoneSimulator
		{F6D3D347-6202-4AC2-B4DF-268DC7DDCBC8}.Ad-Hoc|x64.ActiveCfg = Ad-Hoc|iPhone
		{F6D3D347-6202-4AC2-B4DF-268DC7DDCBC8}.Ad-Hoc|x86.ActiveCfg = Ad-Hoc|iPhone
		{F6D3D347-6202-4AC2-B4DF-268DC7DDCBC8}.AppStore|Any CPU.ActiveCfg = AppStore|iPhone
		{F6D3D347-6202-4AC2-B4DF-268DC7DDCBC8}.AppStore|ARM.ActiveCfg = AppStore|iPhone
		{F6D3D347-6202-4AC2-B4DF-268DC7DDCBC8}.AppStore|iPhone.ActiveCfg = AppStore|iPhone
		{F6D3D347-6202-4AC2-B4DF-268DC7DDCBC8}.AppStore|iPhone.Build.0 = AppStore|iPhone
		{F6D3D347-6202-4AC2-B4DF-268DC7DDCBC8}.AppStore|iPhoneSimulator.ActiveCfg = AppStore|iPhoneSimulator
		{F6D3D347-6202-4AC2-B4DF-268DC7DDCBC8}.AppStore|iPhoneSimulator.Build.0 = AppStore|iPhoneSimulator
		{F6D3D347-6202-4AC2-B4DF-268DC7DDCBC8}.AppStore|x64.ActiveCfg = AppStore|iPhone
		{F6D3D347-6202-4AC2-B4DF-268DC7DDCBC8}.AppStore|x86.ActiveCfg = AppStore|iPhone
		{F6D3D347-6202-4AC2-B4DF-268DC7DDCBC8}.Debug|Any CPU.ActiveCfg = Debug|iPhone
		{F6D3D347-6202-4AC2-B4DF-268DC7DDCBC8}.Debug|ARM.ActiveCfg = Debug|iPhone
		{F6D3D347-6202-4AC2-B4DF-268DC7DDCBC8}.Debug|iPhone.ActiveCfg = Debug|iPhone
		{F6D3D347-6202-4AC2-B4DF-268DC7DDCBC8}.Debug|iPhone.Build.0 = Debug|iPhone
		{F6D3D347-6202-4AC2-B4DF-268DC7DDCBC8}.Debug|iPhoneSimulator.ActiveCfg = Debug|iPhoneSimulator
		{F6D3D347-6202-4AC2-B4DF-268DC7DDCBC8}.Debug|iPhoneSimulator.Build.0 = Debug|iPhoneSimulator
		{F6D3D347-6202-4AC2-B4DF-268DC7DDCBC8}.Debug|x64.ActiveCfg = Debug|iPhone
		{F6D3D347-6202-4AC2-B4DF-268DC7DDCBC8}.Debug|x86.ActiveCfg = Debug|iPhone
		{F6D3D347-6202-4AC2-B4DF-268DC7DDCBC8}.Release|Any CPU.ActiveCfg = Release|iPhone
		{F6D3D347-6202-4AC2-B4DF-268DC7DDCBC8}.Release|ARM.ActiveCfg = Release|iPhone
		{F6D3D347-6202-4AC2-B4DF-268DC7DDCBC8}.Release|iPhone.ActiveCfg = Release|iPhone
		{F6D3D347-6202-4AC2-B4DF-268DC7DDCBC8}.Release|iPhone.Build.0 = Release|iPhone
		{F6D3D347-6202-4AC2-B4DF-268DC7DDCBC8}.Release|iPhoneSimulator.ActiveCfg = Release|iPhoneSimulator
		{F6D3D347-6202-4AC2-B4DF-268DC7DDCBC8}.Release|iPhoneSimulator.Build.0 = Release|iPhoneSimulator
		{F6D3D347-6202-4AC2-B4DF-268DC7DDCBC8}.Release|x64.ActiveCfg = Release|iPhone
		{F6D3D347-6202-4AC2-B4DF-268DC7DDCBC8}.Release|x86.ActiveCfg = Release|iPhone
		{9F8B0C23-7D57-4013-9A66-7C65AD5498E5}.Ad-Hoc|Any CPU.ActiveCfg = Release|Any CPU
		{9F8B0C23-7D57-4013-9A66-7C65AD5498E5}.Ad-Hoc|Any CPU.Build.0 = Release|Any CPU
		{9F8B0C23-7D57-4013-9A66-7C65AD5498E5}.Ad-Hoc|Any CPU.Deploy.0 = Release|Any CPU
		{9F8B0C23-7D57-4013-9A66-7C65AD5498E5}.Ad-Hoc|ARM.ActiveCfg = Release|ARM
		{9F8B0C23-7D57-4013-9A66-7C65AD5498E5}.Ad-Hoc|ARM.Build.0 = Release|ARM
		{9F8B0C23-7D57-4013-9A66-7C65AD5498E5}.Ad-Hoc|ARM.Deploy.0 = Release|ARM
		{9F8B0C23-7D57-4013-9A66-7C65AD5498E5}.Ad-Hoc|iPhone.ActiveCfg = Release|Any CPU
		{9F8B0C23-7D57-4013-9A66-7C65AD5498E5}.Ad-Hoc|iPhone.Build.0 = Release|Any CPU
		{9F8B0C23-7D57-4013-9A66-7C65AD5498E5}.Ad-Hoc|iPhone.Deploy.0 = Release|Any CPU
		{9F8B0C23-7D57-4013-9A66-7C65AD5498E5}.Ad-Hoc|iPhoneSimulator.ActiveCfg = Release|Any CPU
		{9F8B0C23-7D57-4013-9A66-7C65AD5498E5}.Ad-Hoc|iPhoneSimulator.Build.0 = Release|Any CPU
		{9F8B0C23-7D57-4013-9A66-7C65AD5498E5}.Ad-Hoc|iPhoneSimulator.Deploy.0 = Release|Any CPU
		{9F8B0C23-7D57-4013-9A66-7C65AD5498E5}.Ad-Hoc|x64.ActiveCfg = Release|Any CPU
		{9F8B0C23-7D57-4013-9A66-7C65AD5498E5}.Ad-Hoc|x64.Build.0 = Release|Any CPU
		{9F8B0C23-7D57-4013-9A66-7C65AD5498E5}.Ad-Hoc|x64.Deploy.0 = Release|Any CPU
		{9F8B0C23-7D57-4013-9A66-7C65AD5498E5}.Ad-Hoc|x86.ActiveCfg = Release|x86
		{9F8B0C23-7D57-4013-9A66-7C65AD5498E5}.Ad-Hoc|x86.Build.0 = Release|x86
		{9F8B0C23-7D57-4013-9A66-7C65AD5498E5}.Ad-Hoc|x86.Deploy.0 = Release|x86
		{9F8B0C23-7D57-4013-9A66-7C65AD5498E5}.AppStore|Any CPU.ActiveCfg = Release|Any CPU
		{9F8B0C23-7D57-4013-9A66-7C65AD5498E5}.AppStore|Any CPU.Build.0 = Release|Any CPU
		{9F8B0C23-7D57-4013-9A66-7C65AD5498E5}.AppStore|Any CPU.Deploy.0 = Release|Any CPU
		{9F8B0C23-7D57-4013-9A66-7C65AD5498E5}.AppStore|ARM.ActiveCfg = Release|ARM
		{9F8B0C23-7D57-4013-9A66-7C65AD5498E5}.AppStore|ARM.Build.0 = Release|ARM
		{9F8B0C23-7D57-4013-9A66-7C65AD5498E5}.AppStore|ARM.Deploy.0 = Release|ARM
		{9F8B0C23-7D57-4013-9A66-7C65AD5498E5}.AppStore|iPhone.ActiveCfg = Release|Any CPU
		{9F8B0C23-7D57-4013-9A66-7C65AD5498E5}.AppStore|iPhone.Build.0 = Release|Any CPU
		{9F8B0C23-7D57-4013-9A66-7C65AD5498E5}.AppStore|iPhone.Deploy.0 = Release|Any CPU
		{9F8B0C23-7D57-4013-9A66-7C65AD5498E5}.AppStore|iPhoneSimulator.ActiveCfg = Release|Any CPU
		{9F8B0C23-7D57-4013-9A66-7C65AD5498E5}.AppStore|iPhoneSimulator.Build.0 = Release|Any CPU
		{9F8B0C23-7D57-4013-9A66-7C65AD5498E5}.AppStore|iPhoneSimulator.Deploy.0 = Release|Any CPU
		{9F8B0C23-7D57-4013-9A66-7C65AD5498E5}.AppStore|x64.ActiveCfg = Release|Any CPU
		{9F8B0C23-7D57-4013-9A66-7C65AD5498E5}.AppStore|x64.Build.0 = Release|Any CPU
		{9F8B0C23-7D57-4013-9A66-7C65AD5498E5}.AppStore|x64.Deploy.0 = Release|Any CPU
		{9F8B0C23-7D57-4013-9A66-7C65AD5498E5}.AppStore|x86.ActiveCfg = Release|x86
		{9F8B0C23-7D57-4013-9A66-7C65AD5498E5}.AppStore|x86.Build.0 = Release|x86
		{9F8B0C23-7D57-4013-9A66-7C65AD5498E5}.AppStore|x86.Deploy.0 = Release|x86
		{9F8B0C23-7D57-4013-9A66-7C65AD5498E5}.Debug|Any CPU.ActiveCfg = Debug|Any CPU
		{9F8B0C23-7D57-4013-9A66-7C65AD5498E5}.Debug|Any CPU.Build.0 = Debug|Any CPU
		{9F8B0C23-7D57-4013-9A66-7C65AD5498E5}.Debug|Any CPU.Deploy.0 = Debug|Any CPU
		{9F8B0C23-7D57-4013-9A66-7C65AD5498E5}.Debug|ARM.ActiveCfg = Debug|ARM
		{9F8B0C23-7D57-4013-9A66-7C65AD5498E5}.Debug|ARM.Build.0 = Debug|ARM
		{9F8B0C23-7D57-4013-9A66-7C65AD5498E5}.Debug|ARM.Deploy.0 = Debug|ARM
		{9F8B0C23-7D57-4013-9A66-7C65AD5498E5}.Debug|iPhone.ActiveCfg = Debug|Any CPU
		{9F8B0C23-7D57-4013-9A66-7C65AD5498E5}.Debug|iPhone.Build.0 = Debug|Any CPU
		{9F8B0C23-7D57-4013-9A66-7C65AD5498E5}.Debug|iPhone.Deploy.0 = Debug|Any CPU
		{9F8B0C23-7D57-4013-9A66-7C65AD5498E5}.Debug|iPhoneSimulator.ActiveCfg = Debug|Any CPU
		{9F8B0C23-7D57-4013-9A66-7C65AD5498E5}.Debug|iPhoneSimulator.Build.0 = Debug|Any CPU
		{9F8B0C23-7D57-4013-9A66-7C65AD5498E5}.Debug|iPhoneSimulator.Deploy.0 = Debug|Any CPU
		{9F8B0C23-7D57-4013-9A66-7C65AD5498E5}.Debug|x64.ActiveCfg = Debug|Any CPU
		{9F8B0C23-7D57-4013-9A66-7C65AD5498E5}.Debug|x64.Build.0 = Debug|Any CPU
		{9F8B0C23-7D57-4013-9A66-7C65AD5498E5}.Debug|x64.Deploy.0 = Debug|Any CPU
		{9F8B0C23-7D57-4013-9A66-7C65AD5498E5}.Debug|x86.ActiveCfg = Debug|x86
		{9F8B0C23-7D57-4013-9A66-7C65AD5498E5}.Debug|x86.Build.0 = Debug|x86
		{9F8B0C23-7D57-4013-9A66-7C65AD5498E5}.Debug|x86.Deploy.0 = Debug|x86
		{9F8B0C23-7D57-4013-9A66-7C65AD5498E5}.Release|Any CPU.ActiveCfg = Release|Any CPU
		{9F8B0C23-7D57-4013-9A66-7C65AD5498E5}.Release|Any CPU.Build.0 = Release|Any CPU
		{9F8B0C23-7D57-4013-9A66-7C65AD5498E5}.Release|Any CPU.Deploy.0 = Release|Any CPU
		{9F8B0C23-7D57-4013-9A66-7C65AD5498E5}.Release|ARM.ActiveCfg = Release|ARM
		{9F8B0C23-7D57-4013-9A66-7C65AD5498E5}.Release|ARM.Build.0 = Release|ARM
		{9F8B0C23-7D57-4013-9A66-7C65AD5498E5}.Release|ARM.Deploy.0 = Release|ARM
		{9F8B0C23-7D57-4013-9A66-7C65AD5498E5}.Release|iPhone.ActiveCfg = Release|Any CPU
		{9F8B0C23-7D57-4013-9A66-7C65AD5498E5}.Release|iPhone.Build.0 = Release|Any CPU
		{9F8B0C23-7D57-4013-9A66-7C65AD5498E5}.Release|iPhone.Deploy.0 = Release|Any CPU
		{9F8B0C23-7D57-4013-9A66-7C65AD5498E5}.Release|iPhoneSimulator.ActiveCfg = Release|Any CPU
		{9F8B0C23-7D57-4013-9A66-7C65AD5498E5}.Release|iPhoneSimulator.Build.0 = Release|Any CPU
		{9F8B0C23-7D57-4013-9A66-7C65AD5498E5}.Release|iPhoneSimulator.Deploy.0 = Release|Any CPU
		{9F8B0C23-7D57-4013-9A66-7C65AD5498E5}.Release|x64.ActiveCfg = Release|Any CPU
		{9F8B0C23-7D57-4013-9A66-7C65AD5498E5}.Release|x64.Build.0 = Release|Any CPU
		{9F8B0C23-7D57-4013-9A66-7C65AD5498E5}.Release|x64.Deploy.0 = Release|Any CPU
		{9F8B0C23-7D57-4013-9A66-7C65AD5498E5}.Release|x86.ActiveCfg = Release|x86
		{9F8B0C23-7D57-4013-9A66-7C65AD5498E5}.Release|x86.Build.0 = Release|x86
		{9F8B0C23-7D57-4013-9A66-7C65AD5498E5}.Release|x86.Deploy.0 = Release|x86
		{550B30B1-3890-4E0F-A9E3-0117F5C4D129}.Ad-Hoc|Any CPU.ActiveCfg = Release|Any CPU
		{550B30B1-3890-4E0F-A9E3-0117F5C4D129}.Ad-Hoc|Any CPU.Build.0 = Release|Any CPU
		{550B30B1-3890-4E0F-A9E3-0117F5C4D129}.Ad-Hoc|Any CPU.Deploy.0 = Release|Any CPU
		{550B30B1-3890-4E0F-A9E3-0117F5C4D129}.Ad-Hoc|ARM.ActiveCfg = Release|ARM
		{550B30B1-3890-4E0F-A9E3-0117F5C4D129}.Ad-Hoc|ARM.Build.0 = Release|ARM
		{550B30B1-3890-4E0F-A9E3-0117F5C4D129}.Ad-Hoc|ARM.Deploy.0 = Release|ARM
		{550B30B1-3890-4E0F-A9E3-0117F5C4D129}.Ad-Hoc|iPhone.ActiveCfg = Release|Any CPU
		{550B30B1-3890-4E0F-A9E3-0117F5C4D129}.Ad-Hoc|iPhone.Build.0 = Release|Any CPU
		{550B30B1-3890-4E0F-A9E3-0117F5C4D129}.Ad-Hoc|iPhone.Deploy.0 = Release|Any CPU
		{550B30B1-3890-4E0F-A9E3-0117F5C4D129}.Ad-Hoc|iPhoneSimulator.ActiveCfg = Release|Any CPU
		{550B30B1-3890-4E0F-A9E3-0117F5C4D129}.Ad-Hoc|iPhoneSimulator.Build.0 = Release|Any CPU
		{550B30B1-3890-4E0F-A9E3-0117F5C4D129}.Ad-Hoc|iPhoneSimulator.Deploy.0 = Release|Any CPU
		{550B30B1-3890-4E0F-A9E3-0117F5C4D129}.Ad-Hoc|x64.ActiveCfg = Release|x64
		{550B30B1-3890-4E0F-A9E3-0117F5C4D129}.Ad-Hoc|x64.Build.0 = Release|x64
		{550B30B1-3890-4E0F-A9E3-0117F5C4D129}.Ad-Hoc|x64.Deploy.0 = Release|x64
		{550B30B1-3890-4E0F-A9E3-0117F5C4D129}.Ad-Hoc|x86.ActiveCfg = Release|x86
		{550B30B1-3890-4E0F-A9E3-0117F5C4D129}.Ad-Hoc|x86.Build.0 = Release|x86
		{550B30B1-3890-4E0F-A9E3-0117F5C4D129}.Ad-Hoc|x86.Deploy.0 = Release|x86
		{550B30B1-3890-4E0F-A9E3-0117F5C4D129}.AppStore|Any CPU.ActiveCfg = Release|Any CPU
		{550B30B1-3890-4E0F-A9E3-0117F5C4D129}.AppStore|Any CPU.Build.0 = Release|Any CPU
		{550B30B1-3890-4E0F-A9E3-0117F5C4D129}.AppStore|Any CPU.Deploy.0 = Release|Any CPU
		{550B30B1-3890-4E0F-A9E3-0117F5C4D129}.AppStore|ARM.ActiveCfg = Release|ARM
		{550B30B1-3890-4E0F-A9E3-0117F5C4D129}.AppStore|ARM.Build.0 = Release|ARM
		{550B30B1-3890-4E0F-A9E3-0117F5C4D129}.AppStore|ARM.Deploy.0 = Release|ARM
		{550B30B1-3890-4E0F-A9E3-0117F5C4D129}.AppStore|iPhone.ActiveCfg = Release|Any CPU
		{550B30B1-3890-4E0F-A9E3-0117F5C4D129}.AppStore|iPhone.Build.0 = Release|Any CPU
		{550B30B1-3890-4E0F-A9E3-0117F5C4D129}.AppStore|iPhone.Deploy.0 = Release|Any CPU
		{550B30B1-3890-4E0F-A9E3-0117F5C4D129}.AppStore|iPhoneSimulator.ActiveCfg = Release|Any CPU
		{550B30B1-3890-4E0F-A9E3-0117F5C4D129}.AppStore|iPhoneSimulator.Build.0 = Release|Any CPU
		{550B30B1-3890-4E0F-A9E3-0117F5C4D129}.AppStore|iPhoneSimulator.Deploy.0 = Release|Any CPU
		{550B30B1-3890-4E0F-A9E3-0117F5C4D129}.AppStore|x64.ActiveCfg = Release|x64
		{550B30B1-3890-4E0F-A9E3-0117F5C4D129}.AppStore|x64.Build.0 = Release|x64
		{550B30B1-3890-4E0F-A9E3-0117F5C4D129}.AppStore|x64.Deploy.0 = Release|x64
		{550B30B1-3890-4E0F-A9E3-0117F5C4D129}.AppStore|x86.ActiveCfg = Release|x86
		{550B30B1-3890-4E0F-A9E3-0117F5C4D129}.AppStore|x86.Build.0 = Release|x86
		{550B30B1-3890-4E0F-A9E3-0117F5C4D129}.AppStore|x86.Deploy.0 = Release|x86
		{550B30B1-3890-4E0F-A9E3-0117F5C4D129}.Debug|Any CPU.ActiveCfg = Debug|Any CPU
		{550B30B1-3890-4E0F-A9E3-0117F5C4D129}.Debug|Any CPU.Build.0 = Debug|Any CPU
		{550B30B1-3890-4E0F-A9E3-0117F5C4D129}.Debug|Any CPU.Deploy.0 = Debug|Any CPU
		{550B30B1-3890-4E0F-A9E3-0117F5C4D129}.Debug|ARM.ActiveCfg = Debug|ARM
		{550B30B1-3890-4E0F-A9E3-0117F5C4D129}.Debug|ARM.Build.0 = Debug|ARM
		{550B30B1-3890-4E0F-A9E3-0117F5C4D129}.Debug|ARM.Deploy.0 = Debug|ARM
		{550B30B1-3890-4E0F-A9E3-0117F5C4D129}.Debug|iPhone.ActiveCfg = Debug|Any CPU
		{550B30B1-3890-4E0F-A9E3-0117F5C4D129}.Debug|iPhone.Build.0 = Debug|Any CPU
		{550B30B1-3890-4E0F-A9E3-0117F5C4D129}.Debug|iPhone.Deploy.0 = Debug|Any CPU
		{550B30B1-3890-4E0F-A9E3-0117F5C4D129}.Debug|iPhoneSimulator.ActiveCfg = Debug|Any CPU
		{550B30B1-3890-4E0F-A9E3-0117F5C4D129}.Debug|iPhoneSimulator.Build.0 = Debug|Any CPU
		{550B30B1-3890-4E0F-A9E3-0117F5C4D129}.Debug|iPhoneSimulator.Deploy.0 = Debug|Any CPU
		{550B30B1-3890-4E0F-A9E3-0117F5C4D129}.Debug|x64.ActiveCfg = Debug|x64
		{550B30B1-3890-4E0F-A9E3-0117F5C4D129}.Debug|x64.Build.0 = Debug|x64
		{550B30B1-3890-4E0F-A9E3-0117F5C4D129}.Debug|x64.Deploy.0 = Debug|x64
		{550B30B1-3890-4E0F-A9E3-0117F5C4D129}.Debug|x86.ActiveCfg = Debug|x86
		{550B30B1-3890-4E0F-A9E3-0117F5C4D129}.Debug|x86.Build.0 = Debug|x86
		{550B30B1-3890-4E0F-A9E3-0117F5C4D129}.Debug|x86.Deploy.0 = Debug|x86
		{550B30B1-3890-4E0F-A9E3-0117F5C4D129}.Release|Any CPU.ActiveCfg = Release|Any CPU
		{550B30B1-3890-4E0F-A9E3-0117F5C4D129}.Release|Any CPU.Build.0 = Release|Any CPU
		{550B30B1-3890-4E0F-A9E3-0117F5C4D129}.Release|Any CPU.Deploy.0 = Release|Any CPU
		{550B30B1-3890-4E0F-A9E3-0117F5C4D129}.Release|ARM.ActiveCfg = Release|ARM
		{550B30B1-3890-4E0F-A9E3-0117F5C4D129}.Release|ARM.Build.0 = Release|ARM
		{550B30B1-3890-4E0F-A9E3-0117F5C4D129}.Release|ARM.Deploy.0 = Release|ARM
		{550B30B1-3890-4E0F-A9E3-0117F5C4D129}.Release|iPhone.ActiveCfg = Release|Any CPU
		{550B30B1-3890-4E0F-A9E3-0117F5C4D129}.Release|iPhone.Build.0 = Release|Any CPU
		{550B30B1-3890-4E0F-A9E3-0117F5C4D129}.Release|iPhone.Deploy.0 = Release|Any CPU
		{550B30B1-3890-4E0F-A9E3-0117F5C4D129}.Release|iPhoneSimulator.ActiveCfg = Release|Any CPU
		{550B30B1-3890-4E0F-A9E3-0117F5C4D129}.Release|iPhoneSimulator.Build.0 = Release|Any CPU
		{550B30B1-3890-4E0F-A9E3-0117F5C4D129}.Release|iPhoneSimulator.Deploy.0 = Release|Any CPU
		{550B30B1-3890-4E0F-A9E3-0117F5C4D129}.Release|x64.ActiveCfg = Release|x64
		{550B30B1-3890-4E0F-A9E3-0117F5C4D129}.Release|x64.Build.0 = Release|x64
		{550B30B1-3890-4E0F-A9E3-0117F5C4D129}.Release|x64.Deploy.0 = Release|x64
		{550B30B1-3890-4E0F-A9E3-0117F5C4D129}.Release|x86.ActiveCfg = Release|x86
		{550B30B1-3890-4E0F-A9E3-0117F5C4D129}.Release|x86.Build.0 = Release|x86
		{550B30B1-3890-4E0F-A9E3-0117F5C4D129}.Release|x86.Deploy.0 = Release|x86
		{DA8F7C50-95EF-4332-9B72-FC1770C302AF}.Ad-Hoc|Any CPU.ActiveCfg = Release|Any CPU
		{DA8F7C50-95EF-4332-9B72-FC1770C302AF}.Ad-Hoc|Any CPU.Build.0 = Release|Any CPU
		{DA8F7C50-95EF-4332-9B72-FC1770C302AF}.Ad-Hoc|ARM.ActiveCfg = Release|Any CPU
		{DA8F7C50-95EF-4332-9B72-FC1770C302AF}.Ad-Hoc|ARM.Build.0 = Release|Any CPU
		{DA8F7C50-95EF-4332-9B72-FC1770C302AF}.Ad-Hoc|iPhone.ActiveCfg = Release|Any CPU
		{DA8F7C50-95EF-4332-9B72-FC1770C302AF}.Ad-Hoc|iPhone.Build.0 = Release|Any CPU
		{DA8F7C50-95EF-4332-9B72-FC1770C302AF}.Ad-Hoc|iPhoneSimulator.ActiveCfg = Release|Any CPU
		{DA8F7C50-95EF-4332-9B72-FC1770C302AF}.Ad-Hoc|iPhoneSimulator.Build.0 = Release|Any CPU
		{DA8F7C50-95EF-4332-9B72-FC1770C302AF}.Ad-Hoc|x64.ActiveCfg = Release|Any CPU
		{DA8F7C50-95EF-4332-9B72-FC1770C302AF}.Ad-Hoc|x64.Build.0 = Release|Any CPU
		{DA8F7C50-95EF-4332-9B72-FC1770C302AF}.Ad-Hoc|x86.ActiveCfg = Release|Any CPU
		{DA8F7C50-95EF-4332-9B72-FC1770C302AF}.Ad-Hoc|x86.Build.0 = Release|Any CPU
		{DA8F7C50-95EF-4332-9B72-FC1770C302AF}.AppStore|Any CPU.ActiveCfg = Release|Any CPU
		{DA8F7C50-95EF-4332-9B72-FC1770C302AF}.AppStore|Any CPU.Build.0 = Release|Any CPU
		{DA8F7C50-95EF-4332-9B72-FC1770C302AF}.AppStore|ARM.ActiveCfg = Release|Any CPU
		{DA8F7C50-95EF-4332-9B72-FC1770C302AF}.AppStore|ARM.Build.0 = Release|Any CPU
		{DA8F7C50-95EF-4332-9B72-FC1770C302AF}.AppStore|iPhone.ActiveCfg = Release|Any CPU
		{DA8F7C50-95EF-4332-9B72-FC1770C302AF}.AppStore|iPhone.Build.0 = Release|Any CPU
		{DA8F7C50-95EF-4332-9B72-FC1770C302AF}.AppStore|iPhoneSimulator.ActiveCfg = Release|Any CPU
		{DA8F7C50-95EF-4332-9B72-FC1770C302AF}.AppStore|iPhoneSimulator.Build.0 = Release|Any CPU
		{DA8F7C50-95EF-4332-9B72-FC1770C302AF}.AppStore|x64.ActiveCfg = Release|Any CPU
		{DA8F7C50-95EF-4332-9B72-FC1770C302AF}.AppStore|x64.Build.0 = Release|Any CPU
		{DA8F7C50-95EF-4332-9B72-FC1770C302AF}.AppStore|x86.ActiveCfg = Release|Any CPU
		{DA8F7C50-95EF-4332-9B72-FC1770C302AF}.AppStore|x86.Build.0 = Release|Any CPU
		{DA8F7C50-95EF-4332-9B72-FC1770C302AF}.Debug|Any CPU.ActiveCfg = Debug|Any CPU
		{DA8F7C50-95EF-4332-9B72-FC1770C302AF}.Debug|Any CPU.Build.0 = Debug|Any CPU
		{DA8F7C50-95EF-4332-9B72-FC1770C302AF}.Debug|ARM.ActiveCfg = Debug|Any CPU
		{DA8F7C50-95EF-4332-9B72-FC1770C302AF}.Debug|ARM.Build.0 = Debug|Any CPU
		{DA8F7C50-95EF-4332-9B72-FC1770C302AF}.Debug|iPhone.ActiveCfg = Debug|Any CPU
		{DA8F7C50-95EF-4332-9B72-FC1770C302AF}.Debug|iPhone.Build.0 = Debug|Any CPU
		{DA8F7C50-95EF-4332-9B72-FC1770C302AF}.Debug|iPhoneSimulator.ActiveCfg = Debug|Any CPU
		{DA8F7C50-95EF-4332-9B72-FC1770C302AF}.Debug|iPhoneSimulator.Build.0 = Debug|Any CPU
		{DA8F7C50-95EF-4332-9B72-FC1770C302AF}.Debug|x64.ActiveCfg = Debug|Any CPU
		{DA8F7C50-95EF-4332-9B72-FC1770C302AF}.Debug|x64.Build.0 = Debug|Any CPU
		{DA8F7C50-95EF-4332-9B72-FC1770C302AF}.Debug|x86.ActiveCfg = Debug|Any CPU
		{DA8F7C50-95EF-4332-9B72-FC1770C302AF}.Debug|x86.Build.0 = Debug|Any CPU
		{DA8F7C50-95EF-4332-9B72-FC1770C302AF}.Release|Any CPU.ActiveCfg = Release|Any CPU
		{DA8F7C50-95EF-4332-9B72-FC1770C302AF}.Release|Any CPU.Build.0 = Release|Any CPU
		{DA8F7C50-95EF-4332-9B72-FC1770C302AF}.Release|ARM.ActiveCfg = Release|Any CPU
		{DA8F7C50-95EF-4332-9B72-FC1770C302AF}.Release|ARM.Build.0 = Release|Any CPU
		{DA8F7C50-95EF-4332-9B72-FC1770C302AF}.Release|iPhone.ActiveCfg = Release|Any CPU
		{DA8F7C50-95EF-4332-9B72-FC1770C302AF}.Release|iPhone.Build.0 = Release|Any CPU
		{DA8F7C50-95EF-4332-9B72-FC1770C302AF}.Release|iPhoneSimulator.ActiveCfg = Release|Any CPU
		{DA8F7C50-95EF-4332-9B72-FC1770C302AF}.Release|iPhoneSimulator.Build.0 = Release|Any CPU
		{DA8F7C50-95EF-4332-9B72-FC1770C302AF}.Release|x64.ActiveCfg = Release|Any CPU
		{DA8F7C50-95EF-4332-9B72-FC1770C302AF}.Release|x64.Build.0 = Release|Any CPU
		{DA8F7C50-95EF-4332-9B72-FC1770C302AF}.Release|x86.ActiveCfg = Release|Any CPU
		{DA8F7C50-95EF-4332-9B72-FC1770C302AF}.Release|x86.Build.0 = Release|Any CPU
	EndGlobalSection
	GlobalSection(SolutionProperties) = preSolution
		HideSolutionNode = FALSE
	EndGlobalSection
EndGlobal
