
Microsoft Visual Studio Solution File, Format Version 12.00
# Visual Studio 14
VisualStudioVersion = 14.0.25420.1
MinimumVisualStudioVersion = 10.0.40219.1
Project("{FAE04EC0-301F-11D3-BF4B-00C04F79EFBC}") = "MyEvents.Droid", "MyEvents\MyEvents.Droid\MyEvents.Droid.csproj", "{41D9A3A2-F0FA-4122-ABFB-8EB5754E955C}"
EndProject
Project("{FAE04EC0-301F-11D3-BF4B-00C04F79EFBC}") = "MyEvents.iOS", "MyEvents\MyEvents.iOS\MyEvents.iOS.csproj", "{E9943AE4-22A0-4134-86FA-5C9F3C53EF52}"
EndProject
Project("{FAE04EC0-301F-11D3-BF4B-00C04F79EFBC}") = "MyEvents.UWP", "MyEvents\MyEvents.UWP\MyEvents.UWP.csproj", "{22E52EFC-7B67-4651-9B9F-6E37169D1B2F}"
EndProject
Project("{FAE04EC0-301F-11D3-BF4B-00C04F79EFBC}") = "MyEvents", "MyEvents\MyEvents\MyEvents.csproj", "{AA56E21D-92DB-40E0-85F1-4D3CA43A60AC}"
EndProject
Global
	GlobalSection(SolutionConfigurationPlatforms) = preSolution
		Ad-Hoc|Any CPU = Ad-Hoc|Any CPU
		Ad-Hoc|ARM = Ad-Hoc|ARM
		Ad-Hoc|iPhone = Ad-Hoc|iPhone
		Ad-Hoc|iPhoneSimulator = Ad-Hoc|iPhoneSimulator
		Ad-Hoc|x64 = Ad-Hoc|x64
		Ad-Hoc|x86 = Ad-Hoc|x86
		AppStore|Any CPU = AppStore|Any CPU
		AppStore|ARM = AppStore|ARM
		AppStore|iPhone = AppStore|iPhone
		AppStore|iPhoneSimulator = AppStore|iPhoneSimulator
		AppStore|x64 = AppStore|x64
		AppStore|x86 = AppStore|x86
		Debug|Any CPU = Debug|Any CPU
		Debug|ARM = Debug|ARM
		Debug|iPhone = Debug|iPhone
		Debug|iPhoneSimulator = Debug|iPhoneSimulator
		Debug|x64 = Debug|x64
		Debug|x86 = Debug|x86
		Release|Any CPU = Release|Any CPU
		Release|ARM = Release|ARM
		Release|iPhone = Release|iPhone
		Release|iPhoneSimulator = Release|iPhoneSimulator
		Release|x64 = Release|x64
		Release|x86 = Release|x86
	EndGlobalSection
	GlobalSection(ProjectConfigurationPlatforms) = postSolution
		{41D9A3A2-F0FA-4122-ABFB-8EB5754E955C}.Ad-Hoc|Any CPU.ActiveCfg = Release|Any CPU
		{41D9A3A2-F0FA-4122-ABFB-8EB5754E955C}.Ad-Hoc|Any CPU.Build.0 = Release|Any CPU
		{41D9A3A2-F0FA-4122-ABFB-8EB5754E955C}.Ad-Hoc|Any CPU.Deploy.0 = Release|Any CPU
		{41D9A3A2-F0FA-4122-ABFB-8EB5754E955C}.Ad-Hoc|ARM.ActiveCfg = Release|Any CPU
		{41D9A3A2-F0FA-4122-ABFB-8EB5754E955C}.Ad-Hoc|ARM.Build.0 = Release|Any CPU
		{41D9A3A2-F0FA-4122-ABFB-8EB5754E955C}.Ad-Hoc|ARM.Deploy.0 = Release|Any CPU
		{41D9A3A2-F0FA-4122-ABFB-8EB5754E955C}.Ad-Hoc|iPhone.ActiveCfg = Release|Any CPU
		{41D9A3A2-F0FA-4122-ABFB-8EB5754E955C}.Ad-Hoc|iPhone.Build.0 = Release|Any CPU
		{41D9A3A2-F0FA-4122-ABFB-8EB5754E955C}.Ad-Hoc|iPhone.Deploy.0 = Release|Any CPU
		{41D9A3A2-F0FA-4122-ABFB-8EB5754E955C}.Ad-Hoc|iPhoneSimulator.ActiveCfg = Release|Any CPU
		{41D9A3A2-F0FA-4122-ABFB-8EB5754E955C}.Ad-Hoc|iPhoneSimulator.Build.0 = Release|Any CPU
		{41D9A3A2-F0FA-4122-ABFB-8EB5754E955C}.Ad-Hoc|iPhoneSimulator.Deploy.0 = Release|Any CPU
		{41D9A3A2-F0FA-4122-ABFB-8EB5754E955C}.Ad-Hoc|x64.ActiveCfg = Release|Any CPU
		{41D9A3A2-F0FA-4122-ABFB-8EB5754E955C}.Ad-Hoc|x64.Build.0 = Release|Any CPU
		{41D9A3A2-F0FA-4122-ABFB-8EB5754E955C}.Ad-Hoc|x64.Deploy.0 = Release|Any CPU
		{41D9A3A2-F0FA-4122-ABFB-8EB5754E955C}.Ad-Hoc|x86.ActiveCfg = Release|Any CPU
		{41D9A3A2-F0FA-4122-ABFB-8EB5754E955C}.Ad-Hoc|x86.Build.0 = Release|Any CPU
		{41D9A3A2-F0FA-4122-ABFB-8EB5754E955C}.Ad-Hoc|x86.Deploy.0 = Release|Any CPU
		{41D9A3A2-F0FA-4122-ABFB-8EB5754E955C}.AppStore|Any CPU.ActiveCfg = Release|Any CPU
		{41D9A3A2-F0FA-4122-ABFB-8EB5754E955C}.AppStore|Any CPU.Build.0 = Release|Any CPU
		{41D9A3A2-F0FA-4122-ABFB-8EB5754E955C}.AppStore|Any CPU.Deploy.0 = Release|Any CPU
		{41D9A3A2-F0FA-4122-ABFB-8EB5754E955C}.AppStore|ARM.ActiveCfg = Release|Any CPU
		{41D9A3A2-F0FA-4122-ABFB-8EB5754E955C}.AppStore|ARM.Build.0 = Release|Any CPU
		{41D9A3A2-F0FA-4122-ABFB-8EB5754E955C}.AppStore|ARM.Deploy.0 = Release|Any CPU
		{41D9A3A2-F0FA-4122-ABFB-8EB5754E955C}.AppStore|iPhone.ActiveCfg = Release|Any CPU
		{41D9A3A2-F0FA-4122-ABFB-8EB5754E955C}.AppStore|iPhone.Build.0 = Release|Any CPU
		{41D9A3A2-F0FA-4122-ABFB-8EB5754E955C}.AppStore|iPhone.Deploy.0 = Release|Any CPU
		{41D9A3A2-F0FA-4122-ABFB-8EB5754E955C}.AppStore|iPhoneSimulator.ActiveCfg = Release|Any CPU
		{41D9A3A2-F0FA-4122-ABFB-8EB5754E955C}.AppStore|iPhoneSimulator.Build.0 = Release|Any CPU
		{41D9A3A2-F0FA-4122-ABFB-8EB5754E955C}.AppStore|iPhoneSimulator.Deploy.0 = Release|Any CPU
		{41D9A3A2-F0FA-4122-ABFB-8EB5754E955C}.AppStore|x64.ActiveCfg = Release|Any CPU
		{41D9A3A2-F0FA-4122-ABFB-8EB5754E955C}.AppStore|x64.Build.0 = Release|Any CPU
		{41D9A3A2-F0FA-4122-ABFB-8EB5754E955C}.AppStore|x64.Deploy.0 = Release|Any CPU
		{41D9A3A2-F0FA-4122-ABFB-8EB5754E955C}.AppStore|x86.ActiveCfg = Release|Any CPU
		{41D9A3A2-F0FA-4122-ABFB-8EB5754E955C}.AppStore|x86.Build.0 = Release|Any CPU
		{41D9A3A2-F0FA-4122-ABFB-8EB5754E955C}.AppStore|x86.Deploy.0 = Release|Any CPU
		{41D9A3A2-F0FA-4122-ABFB-8EB5754E955C}.Debug|Any CPU.ActiveCfg = Debug|Any CPU
		{41D9A3A2-F0FA-4122-ABFB-8EB5754E955C}.Debug|Any CPU.Build.0 = Debug|Any CPU
		{41D9A3A2-F0FA-4122-ABFB-8EB5754E955C}.Debug|Any CPU.Deploy.0 = Debug|Any CPU
		{41D9A3A2-F0FA-4122-ABFB-8EB5754E955C}.Debug|ARM.ActiveCfg = Debug|Any CPU
		{41D9A3A2-F0FA-4122-ABFB-8EB5754E955C}.Debug|ARM.Build.0 = Debug|Any CPU
		{41D9A3A2-F0FA-4122-ABFB-8EB5754E955C}.Debug|ARM.Deploy.0 = Debug|Any CPU
		{41D9A3A2-F0FA-4122-ABFB-8EB5754E955C}.Debug|iPhone.ActiveCfg = Debug|Any CPU
		{41D9A3A2-F0FA-4122-ABFB-8EB5754E955C}.Debug|iPhone.Build.0 = Debug|Any CPU
		{41D9A3A2-F0FA-4122-ABFB-8EB5754E955C}.Debug|iPhone.Deploy.0 = Debug|Any CPU
		{41D9A3A2-F0FA-4122-ABFB-8EB5754E955C}.Debug|iPhoneSimulator.ActiveCfg = Debug|Any CPU
		{41D9A3A2-F0FA-4122-ABFB-8EB5754E955C}.Debug|iPhoneSimulator.Build.0 = Debug|Any CPU
		{41D9A3A2-F0FA-4122-ABFB-8EB5754E955C}.Debug|iPhoneSimulator.Deploy.0 = Debug|Any CPU
		{41D9A3A2-F0FA-4122-ABFB-8EB5754E955C}.Debug|x64.ActiveCfg = Debug|Any CPU
		{41D9A3A2-F0FA-4122-ABFB-8EB5754E955C}.Debug|x64.Build.0 = Debug|Any CPU
		{41D9A3A2-F0FA-4122-ABFB-8EB5754E955C}.Debug|x64.Deploy.0 = Debug|Any CPU
		{41D9A3A2-F0FA-4122-ABFB-8EB5754E955C}.Debug|x86.ActiveCfg = Debug|Any CPU
		{41D9A3A2-F0FA-4122-ABFB-8EB5754E955C}.Debug|x86.Build.0 = Debug|Any CPU
		{41D9A3A2-F0FA-4122-ABFB-8EB5754E955C}.Debug|x86.Deploy.0 = Debug|Any CPU
		{41D9A3A2-F0FA-4122-ABFB-8EB5754E955C}.Release|Any CPU.ActiveCfg = Release|Any CPU
		{41D9A3A2-F0FA-4122-ABFB-8EB5754E955C}.Release|Any CPU.Build.0 = Release|Any CPU
		{41D9A3A2-F0FA-4122-ABFB-8EB5754E955C}.Release|Any CPU.Deploy.0 = Release|Any CPU
		{41D9A3A2-F0FA-4122-ABFB-8EB5754E955C}.Release|ARM.ActiveCfg = Release|Any CPU
		{41D9A3A2-F0FA-4122-ABFB-8EB5754E955C}.Release|ARM.Build.0 = Release|Any CPU
		{41D9A3A2-F0FA-4122-ABFB-8EB5754E955C}.Release|ARM.Deploy.0 = Release|Any CPU
		{41D9A3A2-F0FA-4122-ABFB-8EB5754E955C}.Release|iPhone.ActiveCfg = Release|Any CPU
		{41D9A3A2-F0FA-4122-ABFB-8EB5754E955C}.Release|iPhone.Build.0 = Release|Any CPU
		{41D9A3A2-F0FA-4122-ABFB-8EB5754E955C}.Release|iPhone.Deploy.0 = Release|Any CPU
		{41D9A3A2-F0FA-4122-ABFB-8EB5754E955C}.Release|iPhoneSimulator.ActiveCfg = Release|Any CPU
		{41D9A3A2-F0FA-4122-ABFB-8EB5754E955C}.Release|iPhoneSimulator.Build.0 = Release|Any CPU
		{41D9A3A2-F0FA-4122-ABFB-8EB5754E955C}.Release|iPhoneSimulator.Deploy.0 = Release|Any CPU
		{41D9A3A2-F0FA-4122-ABFB-8EB5754E955C}.Release|x64.ActiveCfg = Release|Any CPU
		{41D9A3A2-F0FA-4122-ABFB-8EB5754E955C}.Release|x64.Build.0 = Release|Any CPU
		{41D9A3A2-F0FA-4122-ABFB-8EB5754E955C}.Release|x64.Deploy.0 = Release|Any CPU
		{41D9A3A2-F0FA-4122-ABFB-8EB5754E955C}.Release|x86.ActiveCfg = Release|Any CPU
		{41D9A3A2-F0FA-4122-ABFB-8EB5754E955C}.Release|x86.Build.0 = Release|Any CPU
		{41D9A3A2-F0FA-4122-ABFB-8EB5754E955C}.Release|x86.Deploy.0 = Release|Any CPU
		{E9943AE4-22A0-4134-86FA-5C9F3C53EF52}.Ad-Hoc|Any CPU.ActiveCfg = Ad-Hoc|iPhone
		{E9943AE4-22A0-4134-86FA-5C9F3C53EF52}.Ad-Hoc|ARM.ActiveCfg = Ad-Hoc|iPhone
		{E9943AE4-22A0-4134-86FA-5C9F3C53EF52}.Ad-Hoc|iPhone.ActiveCfg = Ad-Hoc|iPhone
		{E9943AE4-22A0-4134-86FA-5C9F3C53EF52}.Ad-Hoc|iPhone.Build.0 = Ad-Hoc|iPhone
		{E9943AE4-22A0-4134-86FA-5C9F3C53EF52}.Ad-Hoc|iPhoneSimulator.ActiveCfg = Ad-Hoc|iPhoneSimulator
		{E9943AE4-22A0-4134-86FA-5C9F3C53EF52}.Ad-Hoc|iPhoneSimulator.Build.0 = Ad-Hoc|iPhoneSimulator
		{E9943AE4-22A0-4134-86FA-5C9F3C53EF52}.Ad-Hoc|x64.ActiveCfg = Ad-Hoc|iPhone
		{E9943AE4-22A0-4134-86FA-5C9F3C53EF52}.Ad-Hoc|x86.ActiveCfg = Ad-Hoc|iPhone
		{E9943AE4-22A0-4134-86FA-5C9F3C53EF52}.AppStore|Any CPU.ActiveCfg = AppStore|iPhone
		{E9943AE4-22A0-4134-86FA-5C9F3C53EF52}.AppStore|ARM.ActiveCfg = AppStore|iPhone
		{E9943AE4-22A0-4134-86FA-5C9F3C53EF52}.AppStore|iPhone.ActiveCfg = AppStore|iPhone
		{E9943AE4-22A0-4134-86FA-5C9F3C53EF52}.AppStore|iPhone.Build.0 = AppStore|iPhone
		{E9943AE4-22A0-4134-86FA-5C9F3C53EF52}.AppStore|iPhoneSimulator.ActiveCfg = AppStore|iPhoneSimulator
		{E9943AE4-22A0-4134-86FA-5C9F3C53EF52}.AppStore|iPhoneSimulator.Build.0 = AppStore|iPhoneSimulator
		{E9943AE4-22A0-4134-86FA-5C9F3C53EF52}.AppStore|x64.ActiveCfg = AppStore|iPhone
		{E9943AE4-22A0-4134-86FA-5C9F3C53EF52}.AppStore|x86.ActiveCfg = AppStore|iPhone
		{E9943AE4-22A0-4134-86FA-5C9F3C53EF52}.Debug|Any CPU.ActiveCfg = Debug|iPhone
		{E9943AE4-22A0-4134-86FA-5C9F3C53EF52}.Debug|ARM.ActiveCfg = Debug|iPhone
		{E9943AE4-22A0-4134-86FA-5C9F3C53EF52}.Debug|iPhone.ActiveCfg = Debug|iPhone
		{E9943AE4-22A0-4134-86FA-5C9F3C53EF52}.Debug|iPhone.Build.0 = Debug|iPhone
		{E9943AE4-22A0-4134-86FA-5C9F3C53EF52}.Debug|iPhoneSimulator.ActiveCfg = Debug|iPhoneSimulator
		{E9943AE4-22A0-4134-86FA-5C9F3C53EF52}.Debug|iPhoneSimulator.Build.0 = Debug|iPhoneSimulator
		{E9943AE4-22A0-4134-86FA-5C9F3C53EF52}.Debug|x64.ActiveCfg = Debug|iPhone
		{E9943AE4-22A0-4134-86FA-5C9F3C53EF52}.Debug|x86.ActiveCfg = Debug|iPhone
		{E9943AE4-22A0-4134-86FA-5C9F3C53EF52}.Release|Any CPU.ActiveCfg = Release|iPhone
		{E9943AE4-22A0-4134-86FA-5C9F3C53EF52}.Release|ARM.ActiveCfg = Release|iPhone
		{E9943AE4-22A0-4134-86FA-5C9F3C53EF52}.Release|iPhone.ActiveCfg = Release|iPhone
		{E9943AE4-22A0-4134-86FA-5C9F3C53EF52}.Release|iPhone.Build.0 = Release|iPhone
		{E9943AE4-22A0-4134-86FA-5C9F3C53EF52}.Release|iPhoneSimulator.ActiveCfg = Release|iPhoneSimulator
		{E9943AE4-22A0-4134-86FA-5C9F3C53EF52}.Release|iPhoneSimulator.Build.0 = Release|iPhoneSimulator
		{E9943AE4-22A0-4134-86FA-5C9F3C53EF52}.Release|x64.ActiveCfg = Release|iPhone
		{E9943AE4-22A0-4134-86FA-5C9F3C53EF52}.Release|x86.ActiveCfg = Release|iPhone
		{22E52EFC-7B67-4651-9B9F-6E37169D1B2F}.Ad-Hoc|Any CPU.ActiveCfg = Release|x86
		{22E52EFC-7B67-4651-9B9F-6E37169D1B2F}.Ad-Hoc|Any CPU.Build.0 = Release|x86
		{22E52EFC-7B67-4651-9B9F-6E37169D1B2F}.Ad-Hoc|Any CPU.Deploy.0 = Release|x86
		{22E52EFC-7B67-4651-9B9F-6E37169D1B2F}.Ad-Hoc|ARM.ActiveCfg = Release|ARM
		{22E52EFC-7B67-4651-9B9F-6E37169D1B2F}.Ad-Hoc|ARM.Build.0 = Release|ARM
		{22E52EFC-7B67-4651-9B9F-6E37169D1B2F}.Ad-Hoc|ARM.Deploy.0 = Release|ARM
		{22E52EFC-7B67-4651-9B9F-6E37169D1B2F}.Ad-Hoc|iPhone.ActiveCfg = Release|x86
		{22E52EFC-7B67-4651-9B9F-6E37169D1B2F}.Ad-Hoc|iPhone.Build.0 = Release|x86
		{22E52EFC-7B67-4651-9B9F-6E37169D1B2F}.Ad-Hoc|iPhone.Deploy.0 = Release|x86
		{22E52EFC-7B67-4651-9B9F-6E37169D1B2F}.Ad-Hoc|iPhoneSimulator.ActiveCfg = Release|x86
		{22E52EFC-7B67-4651-9B9F-6E37169D1B2F}.Ad-Hoc|iPhoneSimulator.Build.0 = Release|x86
		{22E52EFC-7B67-4651-9B9F-6E37169D1B2F}.Ad-Hoc|iPhoneSimulator.Deploy.0 = Release|x86
		{22E52EFC-7B67-4651-9B9F-6E37169D1B2F}.Ad-Hoc|x64.ActiveCfg = Release|x64
		{22E52EFC-7B67-4651-9B9F-6E37169D1B2F}.Ad-Hoc|x64.Build.0 = Release|x64
		{22E52EFC-7B67-4651-9B9F-6E37169D1B2F}.Ad-Hoc|x64.Deploy.0 = Release|x64
		{22E52EFC-7B67-4651-9B9F-6E37169D1B2F}.Ad-Hoc|x86.ActiveCfg = Release|x86
		{22E52EFC-7B67-4651-9B9F-6E37169D1B2F}.Ad-Hoc|x86.Build.0 = Release|x86
		{22E52EFC-7B67-4651-9B9F-6E37169D1B2F}.Ad-Hoc|x86.Deploy.0 = Release|x86
		{22E52EFC-7B67-4651-9B9F-6E37169D1B2F}.AppStore|Any CPU.ActiveCfg = Release|x86
		{22E52EFC-7B67-4651-9B9F-6E37169D1B2F}.AppStore|Any CPU.Build.0 = Release|x86
		{22E52EFC-7B67-4651-9B9F-6E37169D1B2F}.AppStore|Any CPU.Deploy.0 = Release|x86
		{22E52EFC-7B67-4651-9B9F-6E37169D1B2F}.AppStore|ARM.ActiveCfg = Release|ARM
		{22E52EFC-7B67-4651-9B9F-6E37169D1B2F}.AppStore|ARM.Build.0 = Release|ARM
		{22E52EFC-7B67-4651-9B9F-6E37169D1B2F}.AppStore|ARM.Deploy.0 = Release|ARM
		{22E52EFC-7B67-4651-9B9F-6E37169D1B2F}.AppStore|iPhone.ActiveCfg = Release|x86
		{22E52EFC-7B67-4651-9B9F-6E37169D1B2F}.AppStore|iPhone.Build.0 = Release|x86
		{22E52EFC-7B67-4651-9B9F-6E37169D1B2F}.AppStore|iPhone.Deploy.0 = Release|x86
		{22E52EFC-7B67-4651-9B9F-6E37169D1B2F}.AppStore|iPhoneSimulator.ActiveCfg = Release|x86
		{22E52EFC-7B67-4651-9B9F-6E37169D1B2F}.AppStore|iPhoneSimulator.Build.0 = Release|x86
		{22E52EFC-7B67-4651-9B9F-6E37169D1B2F}.AppStore|iPhoneSimulator.Deploy.0 = Release|x86
		{22E52EFC-7B67-4651-9B9F-6E37169D1B2F}.AppStore|x64.ActiveCfg = Release|x64
		{22E52EFC-7B67-4651-9B9F-6E37169D1B2F}.AppStore|x64.Build.0 = Release|x64
		{22E52EFC-7B67-4651-9B9F-6E37169D1B2F}.AppStore|x64.Deploy.0 = Release|x64
		{22E52EFC-7B67-4651-9B9F-6E37169D1B2F}.AppStore|x86.ActiveCfg = Release|x86
		{22E52EFC-7B67-4651-9B9F-6E37169D1B2F}.AppStore|x86.Build.0 = Release|x86
		{22E52EFC-7B67-4651-9B9F-6E37169D1B2F}.AppStore|x86.Deploy.0 = Release|x86
		{22E52EFC-7B67-4651-9B9F-6E37169D1B2F}.Debug|Any CPU.ActiveCfg = Debug|x86
		{22E52EFC-7B67-4651-9B9F-6E37169D1B2F}.Debug|Any CPU.Deploy.0 = Debug|x86
		{22E52EFC-7B67-4651-9B9F-6E37169D1B2F}.Debug|ARM.ActiveCfg = Debug|ARM
		{22E52EFC-7B67-4651-9B9F-6E37169D1B2F}.Debug|ARM.Build.0 = Debug|ARM
		{22E52EFC-7B67-4651-9B9F-6E37169D1B2F}.Debug|ARM.Deploy.0 = Debug|ARM
		{22E52EFC-7B67-4651-9B9F-6E37169D1B2F}.Debug|iPhone.ActiveCfg = Debug|x86
		{22E52EFC-7B67-4651-9B9F-6E37169D1B2F}.Debug|iPhoneSimulator.ActiveCfg = Debug|x86
		{22E52EFC-7B67-4651-9B9F-6E37169D1B2F}.Debug|iPhoneSimulator.Build.0 = Debug|x86
		{22E52EFC-7B67-4651-9B9F-6E37169D1B2F}.Debug|iPhoneSimulator.Deploy.0 = Debug|x86
		{22E52EFC-7B67-4651-9B9F-6E37169D1B2F}.Debug|x64.ActiveCfg = Debug|x64
		{22E52EFC-7B67-4651-9B9F-6E37169D1B2F}.Debug|x64.Build.0 = Debug|x64
		{22E52EFC-7B67-4651-9B9F-6E37169D1B2F}.Debug|x64.Deploy.0 = Debug|x64
		{22E52EFC-7B67-4651-9B9F-6E37169D1B2F}.Debug|x86.ActiveCfg = Debug|x86
		{22E52EFC-7B67-4651-9B9F-6E37169D1B2F}.Debug|x86.Build.0 = Debug|x86
		{22E52EFC-7B67-4651-9B9F-6E37169D1B2F}.Debug|x86.Deploy.0 = Debug|x86
		{22E52EFC-7B67-4651-9B9F-6E37169D1B2F}.Release|Any CPU.ActiveCfg = Release|x86
		{22E52EFC-7B67-4651-9B9F-6E37169D1B2F}.Release|ARM.ActiveCfg = Release|ARM
		{22E52EFC-7B67-4651-9B9F-6E37169D1B2F}.Release|ARM.Build.0 = Release|ARM
		{22E52EFC-7B67-4651-9B9F-6E37169D1B2F}.Release|ARM.Deploy.0 = Release|ARM
		{22E52EFC-7B67-4651-9B9F-6E37169D1B2F}.Release|iPhone.ActiveCfg = Release|x86
		{22E52EFC-7B67-4651-9B9F-6E37169D1B2F}.Release|iPhoneSimulator.ActiveCfg = Release|x86
		{22E52EFC-7B67-4651-9B9F-6E37169D1B2F}.Release|x64.ActiveCfg = Release|x64
		{22E52EFC-7B67-4651-9B9F-6E37169D1B2F}.Release|x64.Build.0 = Release|x64
		{22E52EFC-7B67-4651-9B9F-6E37169D1B2F}.Release|x64.Deploy.0 = Release|x64
		{22E52EFC-7B67-4651-9B9F-6E37169D1B2F}.Release|x86.ActiveCfg = Release|x86
		{22E52EFC-7B67-4651-9B9F-6E37169D1B2F}.Release|x86.Build.0 = Release|x86
		{22E52EFC-7B67-4651-9B9F-6E37169D1B2F}.Release|x86.Deploy.0 = Release|x86
		{AA56E21D-92DB-40E0-85F1-4D3CA43A60AC}.Ad-Hoc|Any CPU.ActiveCfg = Release|Any CPU
		{AA56E21D-92DB-40E0-85F1-4D3CA43A60AC}.Ad-Hoc|Any CPU.Build.0 = Release|Any CPU
		{AA56E21D-92DB-40E0-85F1-4D3CA43A60AC}.Ad-Hoc|ARM.ActiveCfg = Release|Any CPU
		{AA56E21D-92DB-40E0-85F1-4D3CA43A60AC}.Ad-Hoc|ARM.Build.0 = Release|Any CPU
		{AA56E21D-92DB-40E0-85F1-4D3CA43A60AC}.Ad-Hoc|iPhone.ActiveCfg = Release|Any CPU
		{AA56E21D-92DB-40E0-85F1-4D3CA43A60AC}.Ad-Hoc|iPhone.Build.0 = Release|Any CPU
		{AA56E21D-92DB-40E0-85F1-4D3CA43A60AC}.Ad-Hoc|iPhoneSimulator.ActiveCfg = Release|Any CPU
		{AA56E21D-92DB-40E0-85F1-4D3CA43A60AC}.Ad-Hoc|iPhoneSimulator.Build.0 = Release|Any CPU
		{AA56E21D-92DB-40E0-85F1-4D3CA43A60AC}.Ad-Hoc|x64.ActiveCfg = Release|Any CPU
		{AA56E21D-92DB-40E0-85F1-4D3CA43A60AC}.Ad-Hoc|x64.Build.0 = Release|Any CPU
		{AA56E21D-92DB-40E0-85F1-4D3CA43A60AC}.Ad-Hoc|x86.ActiveCfg = Release|Any CPU
		{AA56E21D-92DB-40E0-85F1-4D3CA43A60AC}.Ad-Hoc|x86.Build.0 = Release|Any CPU
		{AA56E21D-92DB-40E0-85F1-4D3CA43A60AC}.AppStore|Any CPU.ActiveCfg = Release|Any CPU
		{AA56E21D-92DB-40E0-85F1-4D3CA43A60AC}.AppStore|Any CPU.Build.0 = Release|Any CPU
		{AA56E21D-92DB-40E0-85F1-4D3CA43A60AC}.AppStore|ARM.ActiveCfg = Release|Any CPU
		{AA56E21D-92DB-40E0-85F1-4D3CA43A60AC}.AppStore|ARM.Build.0 = Release|Any CPU
		{AA56E21D-92DB-40E0-85F1-4D3CA43A60AC}.AppStore|iPhone.ActiveCfg = Release|Any CPU
		{AA56E21D-92DB-40E0-85F1-4D3CA43A60AC}.AppStore|iPhone.Build.0 = Release|Any CPU
		{AA56E21D-92DB-40E0-85F1-4D3CA43A60AC}.AppStore|iPhoneSimulator.ActiveCfg = Release|Any CPU
		{AA56E21D-92DB-40E0-85F1-4D3CA43A60AC}.AppStore|iPhoneSimulator.Build.0 = Release|Any CPU
		{AA56E21D-92DB-40E0-85F1-4D3CA43A60AC}.AppStore|x64.ActiveCfg = Release|Any CPU
		{AA56E21D-92DB-40E0-85F1-4D3CA43A60AC}.AppStore|x64.Build.0 = Release|Any CPU
		{AA56E21D-92DB-40E0-85F1-4D3CA43A60AC}.AppStore|x86.ActiveCfg = Release|Any CPU
		{AA56E21D-92DB-40E0-85F1-4D3CA43A60AC}.AppStore|x86.Build.0 = Release|Any CPU
		{AA56E21D-92DB-40E0-85F1-4D3CA43A60AC}.Debug|Any CPU.ActiveCfg = Debug|Any CPU
		{AA56E21D-92DB-40E0-85F1-4D3CA43A60AC}.Debug|Any CPU.Build.0 = Debug|Any CPU
		{AA56E21D-92DB-40E0-85F1-4D3CA43A60AC}.Debug|ARM.ActiveCfg = Debug|Any CPU
		{AA56E21D-92DB-40E0-85F1-4D3CA43A60AC}.Debug|ARM.Build.0 = Debug|Any CPU
		{AA56E21D-92DB-40E0-85F1-4D3CA43A60AC}.Debug|iPhone.ActiveCfg = Debug|Any CPU
		{AA56E21D-92DB-40E0-85F1-4D3CA43A60AC}.Debug|iPhone.Build.0 = Debug|Any CPU
		{AA56E21D-92DB-40E0-85F1-4D3CA43A60AC}.Debug|iPhoneSimulator.ActiveCfg = Debug|Any CPU
		{AA56E21D-92DB-40E0-85F1-4D3CA43A60AC}.Debug|iPhoneSimulator.Build.0 = Debug|Any CPU
		{AA56E21D-92DB-40E0-85F1-4D3CA43A60AC}.Debug|x64.ActiveCfg = Debug|Any CPU
		{AA56E21D-92DB-40E0-85F1-4D3CA43A60AC}.Debug|x64.Build.0 = Debug|Any CPU
		{AA56E21D-92DB-40E0-85F1-4D3CA43A60AC}.Debug|x86.ActiveCfg = Debug|Any CPU
		{AA56E21D-92DB-40E0-85F1-4D3CA43A60AC}.Debug|x86.Build.0 = Debug|Any CPU
		{AA56E21D-92DB-40E0-85F1-4D3CA43A60AC}.Release|Any CPU.ActiveCfg = Release|Any CPU
		{AA56E21D-92DB-40E0-85F1-4D3CA43A60AC}.Release|Any CPU.Build.0 = Release|Any CPU
		{AA56E21D-92DB-40E0-85F1-4D3CA43A60AC}.Release|ARM.ActiveCfg = Release|Any CPU
		{AA56E21D-92DB-40E0-85F1-4D3CA43A60AC}.Release|ARM.Build.0 = Release|Any CPU
		{AA56E21D-92DB-40E0-85F1-4D3CA43A60AC}.Release|iPhone.ActiveCfg = Release|Any CPU
		{AA56E21D-92DB-40E0-85F1-4D3CA43A60AC}.Release|iPhone.Build.0 = Release|Any CPU
		{AA56E21D-92DB-40E0-85F1-4D3CA43A60AC}.Release|iPhoneSimulator.ActiveCfg = Release|Any CPU
		{AA56E21D-92DB-40E0-85F1-4D3CA43A60AC}.Release|iPhoneSimulator.Build.0 = Release|Any CPU
		{AA56E21D-92DB-40E0-85F1-4D3CA43A60AC}.Release|x64.ActiveCfg = Release|Any CPU
		{AA56E21D-92DB-40E0-85F1-4D3CA43A60AC}.Release|x64.Build.0 = Release|Any CPU
		{AA56E21D-92DB-40E0-85F1-4D3CA43A60AC}.Release|x86.ActiveCfg = Release|Any CPU
		{AA56E21D-92DB-40E0-85F1-4D3CA43A60AC}.Release|x86.Build.0 = Release|Any CPU
	EndGlobalSection
	GlobalSection(SolutionProperties) = preSolution
		HideSolutionNode = FALSE
	EndGlobalSection
EndGlobal
