
Microsoft Visual Studio Solution File, Format Version 12.00
# Visual Studio 14
VisualStudioVersion = 14.0.25420.1
MinimumVisualStudioVersion = 10.0.40219.1
Project("{FAE04EC0-301F-11D3-BF4B-00C04F79EFBC}") = "WeatherApp", "WeatherApp\WeatherApp.csproj", "{FFCAD641-B394-4E75-9EE3-0E9E53939E7D}"
EndProject
Project("{FAE04EC0-301F-11D3-BF4B-00C04F79EFBC}") = "WeatherApp.Android", "WeatherApp.Android\WeatherApp.Android.csproj", "{313FEC01-DAF5-4665-8D69-BF928314AA60}"
EndProject
Project("{FAE04EC0-301F-11D3-BF4B-00C04F79EFBC}") = "WeatherPCL", "WeatherPCL\WeatherPCL.csproj", "{8B17BCEC-0968-4DB2-818A-95384CCD2E27}"
EndProject
Global
	GlobalSection(SolutionConfigurationPlatforms) = preSolution
		Ad-Hoc|Any CPU = Ad-Hoc|Any CPU
		Ad-Hoc|iPhone = Ad-Hoc|iPhone
		Ad-Hoc|iPhoneSimulator = Ad-Hoc|iPhoneSimulator
		AppStore|Any CPU = AppStore|Any CPU
		AppStore|iPhone = AppStore|iPhone
		AppStore|iPhoneSimulator = AppStore|iPhoneSimulator
		Debug|Any CPU = Debug|Any CPU
		Debug|iPhone = Debug|iPhone
		Debug|iPhoneSimulator = Debug|iPhoneSimulator
		Release|Any CPU = Release|Any CPU
		Release|iPhone = Release|iPhone
		Release|iPhoneSimulator = Release|iPhoneSimulator
	EndGlobalSection
	GlobalSection(ProjectConfigurationPlatforms) = postSolution
		{FFCAD641-B394-4E75-9EE3-0E9E53939E7D}.Ad-Hoc|Any CPU.ActiveCfg = Ad-Hoc|iPhoneSimulator
		{FFCAD641-B394-4E75-9EE3-0E9E53939E7D}.Ad-Hoc|iPhone.ActiveCfg = Ad-Hoc|iPhone
		{FFCAD641-B394-4E75-9EE3-0E9E53939E7D}.Ad-Hoc|iPhone.Build.0 = Ad-Hoc|iPhone
		{FFCAD641-B394-4E75-9EE3-0E9E53939E7D}.Ad-Hoc|iPhoneSimulator.ActiveCfg = Ad-Hoc|iPhoneSimulator
		{FFCAD641-B394-4E75-9EE3-0E9E53939E7D}.Ad-Hoc|iPhoneSimulator.Build.0 = Ad-Hoc|iPhoneSimulator
		{FFCAD641-B394-4E75-9EE3-0E9E53939E7D}.AppStore|Any CPU.ActiveCfg = AppStore|iPhoneSimulator
		{FFCAD641-B394-4E75-9EE3-0E9E53939E7D}.AppStore|iPhone.ActiveCfg = AppStore|iPhone
		{FFCAD641-B394-4E75-9EE3-0E9E53939E7D}.AppStore|iPhone.Build.0 = AppStore|iPhone
		{FFCAD641-B394-4E75-9EE3-0E9E53939E7D}.AppStore|iPhoneSimulator.ActiveCfg = AppStore|iPhoneSimulator
		{FFCAD641-B394-4E75-9EE3-0E9E53939E7D}.AppStore|iPhoneSimulator.Build.0 = AppStore|iPhoneSimulator
		{FFCAD641-B394-4E75-9EE3-0E9E53939E7D}.Debug|Any CPU.ActiveCfg = Debug|iPhoneSimulator
		{FFCAD641-B394-4E75-9EE3-0E9E53939E7D}.Debug|iPhone.ActiveCfg = Debug|iPhone
		{FFCAD641-B394-4E75-9EE3-0E9E53939E7D}.Debug|iPhone.Build.0 = Debug|iPhone
		{FFCAD641-B394-4E75-9EE3-0E9E53939E7D}.Debug|iPhoneSimulator.ActiveCfg = Debug|iPhoneSimulator
		{FFCAD641-B394-4E75-9EE3-0E9E53939E7D}.Debug|iPhoneSimulator.Build.0 = Debug|iPhoneSimulator
		{FFCAD641-B394-4E75-9EE3-0E9E53939E7D}.Release|Any CPU.ActiveCfg = Release|iPhoneSimulator
		{FFCAD641-B394-4E75-9EE3-0E9E53939E7D}.Release|iPhone.ActiveCfg = Release|iPhone
		{FFCAD641-B394-4E75-9EE3-0E9E53939E7D}.Release|iPhone.Build.0 = Release|iPhone
		{FFCAD641-B394-4E75-9EE3-0E9E53939E7D}.Release|iPhoneSimulator.ActiveCfg = Release|iPhoneSimulator
		{FFCAD641-B394-4E75-9EE3-0E9E53939E7D}.Release|iPhoneSimulator.Build.0 = Release|iPhoneSimulator
		{313FEC01-DAF5-4665-8D69-BF928314AA60}.Ad-Hoc|Any CPU.ActiveCfg = Release|Any CPU
		{313FEC01-DAF5-4665-8D69-BF928314AA60}.Ad-Hoc|Any CPU.Build.0 = Release|Any CPU
		{313FEC01-DAF5-4665-8D69-BF928314AA60}.Ad-Hoc|Any CPU.Deploy.0 = Release|Any CPU
		{313FEC01-DAF5-4665-8D69-BF928314AA60}.Ad-Hoc|iPhone.ActiveCfg = Release|Any CPU
		{313FEC01-DAF5-4665-8D69-BF928314AA60}.Ad-Hoc|iPhone.Build.0 = Release|Any CPU
		{313FEC01-DAF5-4665-8D69-BF928314AA60}.Ad-Hoc|iPhone.Deploy.0 = Release|Any CPU
		{313FEC01-DAF5-4665-8D69-BF928314AA60}.Ad-Hoc|iPhoneSimulator.ActiveCfg = Release|Any CPU
		{313FEC01-DAF5-4665-8D69-BF928314AA60}.Ad-Hoc|iPhoneSimulator.Build.0 = Release|Any CPU
		{313FEC01-DAF5-4665-8D69-BF928314AA60}.Ad-Hoc|iPhoneSimulator.Deploy.0 = Release|Any CPU
		{313FEC01-DAF5-4665-8D69-BF928314AA60}.AppStore|Any CPU.ActiveCfg = Release|Any CPU
		{313FEC01-DAF5-4665-8D69-BF928314AA60}.AppStore|Any CPU.Build.0 = Release|Any CPU
		{313FEC01-DAF5-4665-8D69-BF928314AA60}.AppStore|Any CPU.Deploy.0 = Release|Any CPU
		{313FEC01-DAF5-4665-8D69-BF928314AA60}.AppStore|iPhone.ActiveCfg = Release|Any CPU
		{313FEC01-DAF5-4665-8D69-BF928314AA60}.AppStore|iPhone.Build.0 = Release|Any CPU
		{313FEC01-DAF5-4665-8D69-BF928314AA60}.AppStore|iPhone.Deploy.0 = Release|Any CPU
		{313FEC01-DAF5-4665-8D69-BF928314AA60}.AppStore|iPhoneSimulator.ActiveCfg = Release|Any CPU
		{313FEC01-DAF5-4665-8D69-BF928314AA60}.AppStore|iPhoneSimulator.Build.0 = Release|Any CPU
		{313FEC01-DAF5-4665-8D69-BF928314AA60}.AppStore|iPhoneSimulator.Deploy.0 = Release|Any CPU
		{313FEC01-DAF5-4665-8D69-BF928314AA60}.Debug|Any CPU.ActiveCfg = Debug|Any CPU
		{313FEC01-DAF5-4665-8D69-BF928314AA60}.Debug|Any CPU.Build.0 = Debug|Any CPU
		{313FEC01-DAF5-4665-8D69-BF928314AA60}.Debug|Any CPU.Deploy.0 = Debug|Any CPU
		{313FEC01-DAF5-4665-8D69-BF928314AA60}.Debug|iPhone.ActiveCfg = Debug|Any CPU
		{313FEC01-DAF5-4665-8D69-BF928314AA60}.Debug|iPhone.Build.0 = Debug|Any CPU
		{313FEC01-DAF5-4665-8D69-BF928314AA60}.Debug|iPhone.Deploy.0 = Debug|Any CPU
		{313FEC01-DAF5-4665-8D69-BF928314AA60}.Debug|iPhoneSimulator.ActiveCfg = Debug|Any CPU
		{313FEC01-DAF5-4665-8D69-BF928314AA60}.Debug|iPhoneSimulator.Build.0 = Debug|Any CPU
		{313FEC01-DAF5-4665-8D69-BF928314AA60}.Debug|iPhoneSimulator.Deploy.0 = Debug|Any CPU
		{313FEC01-DAF5-4665-8D69-BF928314AA60}.Release|Any CPU.ActiveCfg = Release|Any CPU
		{313FEC01-DAF5-4665-8D69-BF928314AA60}.Release|Any CPU.Build.0 = Release|Any CPU
		{313FEC01-DAF5-4665-8D69-BF928314AA60}.Release|Any CPU.Deploy.0 = Release|Any CPU
		{313FEC01-DAF5-4665-8D69-BF928314AA60}.Release|iPhone.ActiveCfg = Release|Any CPU
		{313FEC01-DAF5-4665-8D69-BF928314AA60}.Release|iPhone.Build.0 = Release|Any CPU
		{313FEC01-DAF5-4665-8D69-BF928314AA60}.Release|iPhone.Deploy.0 = Release|Any CPU
		{313FEC01-DAF5-4665-8D69-BF928314AA60}.Release|iPhoneSimulator.ActiveCfg = Release|Any CPU
		{313FEC01-DAF5-4665-8D69-BF928314AA60}.Release|iPhoneSimulator.Build.0 = Release|Any CPU
		{313FEC01-DAF5-4665-8D69-BF928314AA60}.Release|iPhoneSimulator.Deploy.0 = Release|Any CPU
		{8B17BCEC-0968-4DB2-818A-95384CCD2E27}.Ad-Hoc|Any CPU.ActiveCfg = Release|Any CPU
		{8B17BCEC-0968-4DB2-818A-95384CCD2E27}.Ad-Hoc|Any CPU.Build.0 = Release|Any CPU
		{8B17BCEC-0968-4DB2-818A-95384CCD2E27}.Ad-Hoc|iPhone.ActiveCfg = Release|Any CPU
		{8B17BCEC-0968-4DB2-818A-95384CCD2E27}.Ad-Hoc|iPhone.Build.0 = Release|Any CPU
		{8B17BCEC-0968-4DB2-818A-95384CCD2E27}.Ad-Hoc|iPhoneSimulator.ActiveCfg = Release|Any CPU
		{8B17BCEC-0968-4DB2-818A-95384CCD2E27}.Ad-Hoc|iPhoneSimulator.Build.0 = Release|Any CPU
		{8B17BCEC-0968-4DB2-818A-95384CCD2E27}.AppStore|Any CPU.ActiveCfg = Release|Any CPU
		{8B17BCEC-0968-4DB2-818A-95384CCD2E27}.AppStore|Any CPU.Build.0 = Release|Any CPU
		{8B17BCEC-0968-4DB2-818A-95384CCD2E27}.AppStore|iPhone.ActiveCfg = Release|Any CPU
		{8B17BCEC-0968-4DB2-818A-95384CCD2E27}.AppStore|iPhone.Build.0 = Release|Any CPU
		{8B17BCEC-0968-4DB2-818A-95384CCD2E27}.AppStore|iPhoneSimulator.ActiveCfg = Release|Any CPU
		{8B17BCEC-0968-4DB2-818A-95384CCD2E27}.AppStore|iPhoneSimulator.Build.0 = Release|Any CPU
		{8B17BCEC-0968-4DB2-818A-95384CCD2E27}.Debug|Any CPU.ActiveCfg = Debug|Any CPU
		{8B17BCEC-0968-4DB2-818A-95384CCD2E27}.Debug|Any CPU.Build.0 = Debug|Any CPU
		{8B17BCEC-0968-4DB2-818A-95384CCD2E27}.Debug|iPhone.ActiveCfg = Debug|Any CPU
		{8B17BCEC-0968-4DB2-818A-95384CCD2E27}.Debug|iPhone.Build.0 = Debug|Any CPU
		{8B17BCEC-0968-4DB2-818A-95384CCD2E27}.Debug|iPhoneSimulator.ActiveCfg = Debug|Any CPU
		{8B17BCEC-0968-4DB2-818A-95384CCD2E27}.Debug|iPhoneSimulator.Build.0 = Debug|Any CPU
		{8B17BCEC-0968-4DB2-818A-95384CCD2E27}.Release|Any CPU.ActiveCfg = Release|Any CPU
		{8B17BCEC-0968-4DB2-818A-95384CCD2E27}.Release|Any CPU.Build.0 = Release|Any CPU
		{8B17BCEC-0968-4DB2-818A-95384CCD2E27}.Release|iPhone.ActiveCfg = Release|Any CPU
		{8B17BCEC-0968-4DB2-818A-95384CCD2E27}.Release|iPhone.Build.0 = Release|Any CPU
		{8B17BCEC-0968-4DB2-818A-95384CCD2E27}.Release|iPhoneSimulator.ActiveCfg = Release|Any CPU
		{8B17BCEC-0968-4DB2-818A-95384CCD2E27}.Release|iPhoneSimulator.Build.0 = Release|Any CPU
	EndGlobalSection
	GlobalSection(SolutionProperties) = preSolution
		HideSolutionNode = FALSE
	EndGlobalSection
EndGlobal
